
Microsoft Visual Studio Solution File, Format Version 12.00
# Visual Studio Version 16
VisualStudioVersion = 16.0.29201.188
MinimumVisualStudioVersion = 10.0.40219.1
Project("{8BC9CEB8-8B4A-11D0-8D11-00A0C91BC942}") = "ECodeParser", "ECodeParser\ECodeParser.vcxproj", "{19E53D6B-A7CB-4B74-B7F6-75E469E3CA67}"
EndProject
Project("{8BC9CEB8-8B4A-11D0-8D11-00A0C91BC942}") = "ECodeParserTest", "ECodeParserTest\ECodeParserTest.vcxproj", "{FC45FB08-B8F4-4BA5-9EB1-BEA27F7D5CA2}"
EndProject
Project("{8BC9CEB8-8B4A-11D0-8D11-00A0C91BC942}") = "InsertCopyright", "InsertCopyright\InsertCopyright.vcxproj", "{47500348-1920-4EB4-916A-D13E6CCE47AE}"
EndProject
Project("{8BC9CEB8-8B4A-11D0-8D11-00A0C91BC942}") = "EcPacker", "EcPacker\EcPacker.vcxproj", "{F4158451-1852-49BF-BF8F-5C24A3EA547E}"
EndProject
Project("{8BC9CEB8-8B4A-11D0-8D11-00A0C91BC942}") = "EcGuard", "EcGuard\EcGuard.vcxproj", "{581B6581-7112-4345-AC67-3F18490132E4}"
EndProject
Project("{8BC9CEB8-8B4A-11D0-8D11-00A0C91BC942}") = "EcGuard_Test", "EcGuard_Test\EcGuard_Test.vcxproj", "{E684A2B8-6564-4F1A-9BA9-06666B9D5480}"
EndProject
Project("{8BC9CEB8-8B4A-11D0-8D11-00A0C91BC942}") = "ECodeGeneric_Test", "ECodeGeneric_Test\ECodeGeneric_Test.vcxproj", "{C02AC4EB-85CA-47FF-930C-E92D63C9DF75}"
EndProject
Project("{8BC9CEB8-8B4A-11D0-8D11-00A0C91BC942}") = "ECodeRepair", "ECodeRepair\ECodeRepair.vcxproj", "{0772642A-B396-4971-8EE9-6DC9B72139A5}"
EndProject
Global
	GlobalSection(SolutionConfigurationPlatforms) = preSolution
		Debug|x64 = Debug|x64
		Debug|x86 = Debug|x86
		Release_DLL_110|x64 = Release_DLL_110|x64
		Release_DLL_110|x86 = Release_DLL_110|x86
		Release_Lib_110|x64 = Release_Lib_110|x64
		Release_Lib_110|x86 = Release_Lib_110|x86
	EndGlobalSection
	GlobalSection(ProjectConfigurationPlatforms) = postSolution
		{19E53D6B-A7CB-4B74-B7F6-75E469E3CA67}.Debug|x64.ActiveCfg = Debug|x64
		{19E53D6B-A7CB-4B74-B7F6-75E469E3CA67}.Debug|x64.Build.0 = Debug|x64
		{19E53D6B-A7CB-4B74-B7F6-75E469E3CA67}.Debug|x86.ActiveCfg = Debug|Win32
		{19E53D6B-A7CB-4B74-B7F6-75E469E3CA67}.Debug|x86.Build.0 = Debug|Win32
		{19E53D6B-A7CB-4B74-B7F6-75E469E3CA67}.Release_DLL_110|x64.ActiveCfg = Release|x64
		{19E53D6B-A7CB-4B74-B7F6-75E469E3CA67}.Release_DLL_110|x64.Build.0 = Release|x64
		{19E53D6B-A7CB-4B74-B7F6-75E469E3CA67}.Release_DLL_110|x86.ActiveCfg = Release|Win32
		{19E53D6B-A7CB-4B74-B7F6-75E469E3CA67}.Release_DLL_110|x86.Build.0 = Release|Win32
		{19E53D6B-A7CB-4B74-B7F6-75E469E3CA67}.Release_Lib_110|x64.ActiveCfg = Release_Lib_110|x64
		{19E53D6B-A7CB-4B74-B7F6-75E469E3CA67}.Release_Lib_110|x64.Build.0 = Release_Lib_110|x64
		{19E53D6B-A7CB-4B74-B7F6-75E469E3CA67}.Release_Lib_110|x86.ActiveCfg = Release_Lib_110|Win32
		{19E53D6B-A7CB-4B74-B7F6-75E469E3CA67}.Release_Lib_110|x86.Build.0 = Release_Lib_110|Win32
		{FC45FB08-B8F4-4BA5-9EB1-BEA27F7D5CA2}.Debug|x64.ActiveCfg = Debug|x64
		{FC45FB08-B8F4-4BA5-9EB1-BEA27F7D5CA2}.Debug|x64.Build.0 = Debug|x64
		{FC45FB08-B8F4-4BA5-9EB1-BEA27F7D5CA2}.Debug|x86.ActiveCfg = Debug|Win32
		{FC45FB08-B8F4-4BA5-9EB1-BEA27F7D5CA2}.Debug|x86.Build.0 = Debug|Win32
		{FC45FB08-B8F4-4BA5-9EB1-BEA27F7D5CA2}.Release_DLL_110|x64.ActiveCfg = Release|x64
		{FC45FB08-B8F4-4BA5-9EB1-BEA27F7D5CA2}.Release_DLL_110|x64.Build.0 = Release|x64
		{FC45FB08-B8F4-4BA5-9EB1-BEA27F7D5CA2}.Release_DLL_110|x86.ActiveCfg = Release|Win32
		{FC45FB08-B8F4-4BA5-9EB1-BEA27F7D5CA2}.Release_DLL_110|x86.Build.0 = Release|Win32
		{FC45FB08-B8F4-4BA5-9EB1-BEA27F7D5CA2}.Release_Lib_110|x64.ActiveCfg = Release|x64
		{FC45FB08-B8F4-4BA5-9EB1-BEA27F7D5CA2}.Release_Lib_110|x64.Build.0 = Release|x64
		{FC45FB08-B8F4-4BA5-9EB1-BEA27F7D5CA2}.Release_Lib_110|x86.ActiveCfg = Release|Win32
		{FC45FB08-B8F4-4BA5-9EB1-BEA27F7D5CA2}.Release_Lib_110|x86.Build.0 = Release|Win32
		{47500348-1920-4EB4-916A-D13E6CCE47AE}.Debug|x64.ActiveCfg = Debug|x64
		{47500348-1920-4EB4-916A-D13E6CCE47AE}.Debug|x64.Build.0 = Debug|x64
		{47500348-1920-4EB4-916A-D13E6CCE47AE}.Debug|x86.ActiveCfg = Debug|Win32
		{47500348-1920-4EB4-916A-D13E6CCE47AE}.Debug|x86.Build.0 = Debug|Win32
		{47500348-1920-4EB4-916A-D13E6CCE47AE}.Release_DLL_110|x64.ActiveCfg = Release|x64
		{47500348-1920-4EB4-916A-D13E6CCE47AE}.Release_DLL_110|x64.Build.0 = Release|x64
		{47500348-1920-4EB4-916A-D13E6CCE47AE}.Release_DLL_110|x86.ActiveCfg = Release|Win32
		{47500348-1920-4EB4-916A-D13E6CCE47AE}.Release_DLL_110|x86.Build.0 = Release|Win32
		{47500348-1920-4EB4-916A-D13E6CCE47AE}.Release_Lib_110|x64.ActiveCfg = Release|x64
		{47500348-1920-4EB4-916A-D13E6CCE47AE}.Release_Lib_110|x64.Build.0 = Release|x64
		{47500348-1920-4EB4-916A-D13E6CCE47AE}.Release_Lib_110|x86.ActiveCfg = Release|Win32
		{47500348-1920-4EB4-916A-D13E6CCE47AE}.Release_Lib_110|x86.Build.0 = Release|Win32
		{F4158451-1852-49BF-BF8F-5C24A3EA547E}.Debug|x64.ActiveCfg = Debug|x64
		{F4158451-1852-49BF-BF8F-5C24A3EA547E}.Debug|x64.Build.0 = Debug|x64
		{F4158451-1852-49BF-BF8F-5C24A3EA547E}.Debug|x86.ActiveCfg = Debug|Win32
		{F4158451-1852-49BF-BF8F-5C24A3EA547E}.Debug|x86.Build.0 = Debug|Win32
		{F4158451-1852-49BF-BF8F-5C24A3EA547E}.Release_DLL_110|x64.ActiveCfg = Release|x64
		{F4158451-1852-49BF-BF8F-5C24A3EA547E}.Release_DLL_110|x64.Build.0 = Release|x64
		{F4158451-1852-49BF-BF8F-5C24A3EA547E}.Release_DLL_110|x86.ActiveCfg = Release|Win32
		{F4158451-1852-49BF-BF8F-5C24A3EA547E}.Release_DLL_110|x86.Build.0 = Release|Win32
		{F4158451-1852-49BF-BF8F-5C24A3EA547E}.Release_Lib_110|x64.ActiveCfg = Release|x64
		{F4158451-1852-49BF-BF8F-5C24A3EA547E}.Release_Lib_110|x64.Build.0 = Release|x64
		{F4158451-1852-49BF-BF8F-5C24A3EA547E}.Release_Lib_110|x86.ActiveCfg = Release|Win32
		{F4158451-1852-49BF-BF8F-5C24A3EA547E}.Release_Lib_110|x86.Build.0 = Release|Win32
		{581B6581-7112-4345-AC67-3F18490132E4}.Debug|x64.ActiveCfg = Debug|x64
		{581B6581-7112-4345-AC67-3F18490132E4}.Debug|x64.Build.0 = Debug|x64
		{581B6581-7112-4345-AC67-3F18490132E4}.Debug|x86.ActiveCfg = Debug|Win32
		{581B6581-7112-4345-AC67-3F18490132E4}.Debug|x86.Build.0 = Debug|Win32
		{581B6581-7112-4345-AC67-3F18490132E4}.Release_DLL_110|x64.ActiveCfg = Release|x64
		{581B6581-7112-4345-AC67-3F18490132E4}.Release_DLL_110|x64.Build.0 = Release|x64
		{581B6581-7112-4345-AC67-3F18490132E4}.Release_DLL_110|x86.ActiveCfg = Release|Win32
		{581B6581-7112-4345-AC67-3F18490132E4}.Release_DLL_110|x86.Build.0 = Release|Win32
		{581B6581-7112-4345-AC67-3F18490132E4}.Release_Lib_110|x64.ActiveCfg = Release|x64
		{581B6581-7112-4345-AC67-3F18490132E4}.Release_Lib_110|x64.Build.0 = Release|x64
		{581B6581-7112-4345-AC67-3F18490132E4}.Release_Lib_110|x86.ActiveCfg = Release|Win32
		{581B6581-7112-4345-AC67-3F18490132E4}.Release_Lib_110|x86.Build.0 = Release|Win32
		{E684A2B8-6564-4F1A-9BA9-06666B9D5480}.Debug|x64.ActiveCfg = Debug|x64
		{E684A2B8-6564-4F1A-9BA9-06666B9D5480}.Debug|x64.Build.0 = Debug|x64
		{E684A2B8-6564-4F1A-9BA9-06666B9D5480}.Debug|x86.ActiveCfg = Debug|Win32
		{E684A2B8-6564-4F1A-9BA9-06666B9D5480}.Debug|x86.Build.0 = Debug|Win32
		{E684A2B8-6564-4F1A-9BA9-06666B9D5480}.Release_DLL_110|x64.ActiveCfg = Release|x64
		{E684A2B8-6564-4F1A-9BA9-06666B9D5480}.Release_DLL_110|x64.Build.0 = Release|x64
		{E684A2B8-6564-4F1A-9BA9-06666B9D5480}.Release_DLL_110|x86.ActiveCfg = Release|Win32
		{E684A2B8-6564-4F1A-9BA9-06666B9D5480}.Release_DLL_110|x86.Build.0 = Release|Win32
		{E684A2B8-6564-4F1A-9BA9-06666B9D5480}.Release_Lib_110|x64.ActiveCfg = Release|x64
		{E684A2B8-6564-4F1A-9BA9-06666B9D5480}.Release_Lib_110|x64.Build.0 = Release|x64
		{E684A2B8-6564-4F1A-9BA9-06666B9D5480}.Release_Lib_110|x86.ActiveCfg = Release|Win32
		{E684A2B8-6564-4F1A-9BA9-06666B9D5480}.Release_Lib_110|x86.Build.0 = Release|Win32
		{C02AC4EB-85CA-47FF-930C-E92D63C9DF75}.Debug|x64.ActiveCfg = Debug|x64
		{C02AC4EB-85CA-47FF-930C-E92D63C9DF75}.Debug|x64.Build.0 = Debug|x64
		{C02AC4EB-85CA-47FF-930C-E92D63C9DF75}.Debug|x86.ActiveCfg = Debug|Win32
		{C02AC4EB-85CA-47FF-930C-E92D63C9DF75}.Debug|x86.Build.0 = Debug|Win32
		{C02AC4EB-85CA-47FF-930C-E92D63C9DF75}.Release_DLL_110|x64.ActiveCfg = Release|x64
		{C02AC4EB-85CA-47FF-930C-E92D63C9DF75}.Release_DLL_110|x64.Build.0 = Release|x64
		{C02AC4EB-85CA-47FF-930C-E92D63C9DF75}.Release_DLL_110|x86.ActiveCfg = Release|Win32
		{C02AC4EB-85CA-47FF-930C-E92D63C9DF75}.Release_DLL_110|x86.Build.0 = Release|Win32
		{C02AC4EB-85CA-47FF-930C-E92D63C9DF75}.Release_Lib_110|x64.ActiveCfg = Release|x64
		{C02AC4EB-85CA-47FF-930C-E92D63C9DF75}.Release_Lib_110|x64.Build.0 = Release|x64
		{C02AC4EB-85CA-47FF-930C-E92D63C9DF75}.Release_Lib_110|x86.ActiveCfg = Release|Win32
		{C02AC4EB-85CA-47FF-930C-E92D63C9DF75}.Release_Lib_110|x86.Build.0 = Release|Win32
		{0772642A-B396-4971-8EE9-6DC9B72139A5}.Debug|x64.ActiveCfg = Debug|x64
		{0772642A-B396-4971-8EE9-6DC9B72139A5}.Debug|x64.Build.0 = Debug|x64
		{0772642A-B396-4971-8EE9-6DC9B72139A5}.Debug|x86.ActiveCfg = Debug|Win32
		{0772642A-B396-4971-8EE9-6DC9B72139A5}.Debug|x86.Build.0 = Debug|Win32
		{0772642A-B396-4971-8EE9-6DC9B72139A5}.Release_DLL_110|x64.ActiveCfg = Release|x64
		{0772642A-B396-4971-8EE9-6DC9B72139A5}.Release_DLL_110|x64.Build.0 = Release|x64
		{0772642A-B396-4971-8EE9-6DC9B72139A5}.Release_DLL_110|x86.ActiveCfg = Release|Win32
		{0772642A-B396-4971-8EE9-6DC9B72139A5}.Release_DLL_110|x86.Build.0 = Release|Win32
		{0772642A-B396-4971-8EE9-6DC9B72139A5}.Release_Lib_110|x64.ActiveCfg = Release|x64
		{0772642A-B396-4971-8EE9-6DC9B72139A5}.Release_Lib_110|x64.Build.0 = Release|x64
		{0772642A-B396-4971-8EE9-6DC9B72139A5}.Release_Lib_110|x86.ActiveCfg = Release|Win32
		{0772642A-B396-4971-8EE9-6DC9B72139A5}.Release_Lib_110|x86.Build.0 = Release|Win32
	EndGlobalSection
	GlobalSection(SolutionProperties) = preSolution
		HideSolutionNode = FALSE
	EndGlobalSection
	GlobalSection(ExtensibilityGlobals) = postSolution
		SolutionGuid = {844FFE78-EF54-4F19-8A4E-11DE21CA5EE5}
	EndGlobalSection
EndGlobal
